
Microsoft Visual Studio Solution File, Format Version 12.00
Project("{2150E333-8FDC-42A3-9474-1A3956D46DE8}") = "01-Stack", "01-Stack", "{0C2CD704-CA4C-470F-9075-A8B118881B7A}"
EndProject
Project("{2150E333-8FDC-42A3-9474-1A3956D46DE8}") = "02-FizzBuzz", "02-FizzBuzz", "{E1A2DF73-86C4-4F1F-9C9C-F7F5D0F80B22}"
EndProject
Project("{FAE04EC0-301F-11D3-BF4B-00C04F79EFBC}") = "FizzBuzz.Tests", "Completed\02-FizzBuzz\FizzBuzz.Tests\FizzBuzz.Tests.csproj", "{11185838-DA72-4BDE-BE2D-2C5AFF6DE89B}"
EndProject
Project("{FAE04EC0-301F-11D3-BF4B-00C04F79EFBC}") = "FizzBuzz", "Completed\02-FizzBuzz\FizzBuzz\FizzBuzz.csproj", "{8B12CC9E-4563-425E-960E-BC7EE72E47E3}"
EndProject
Project("{2150E333-8FDC-42A3-9474-1A3956D46DE8}") = "03-EmailValidator", "03-EmailValidator", "{BE196B36-5856-4879-8437-B2802D3CAEF2}"
EndProject
Project("{2150E333-8FDC-42A3-9474-1A3956D46DE8}") = "04-BankTransfer", "04-BankTransfer", "{30457208-9FEF-45DE-BCB4-F1B746EEFA0E}"
EndProject
Project("{2150E333-8FDC-42A3-9474-1A3956D46DE8}") = "05-OrderDiscounts", "05-OrderDiscounts", "{44965523-39B5-4A24-88FA-F366AFA9EC5A}"
EndProject
Project("{2150E333-8FDC-42A3-9474-1A3956D46DE8}") = "06-DrivingPatterns", "06-DrivingPatterns", "{7E4A42F2-1A9E-4CA2-A7CD-2CBDB434B412}"
EndProject
Project("{FAE04EC0-301F-11D3-BF4B-00C04F79EFBC}") = "EmailValidation.Tests", "Completed\03-EmailValidator\EmailValidation.Tests\EmailValidation.Tests.csproj", "{958EF100-FCD2-4ABC-8C06-72AA796574A5}"
EndProject
Project("{FAE04EC0-301F-11D3-BF4B-00C04F79EFBC}") = "BankTransfer.Tests", "Completed\04-BankTransfer\BankTransfer.Tests\BankTransfer.Tests.csproj", "{7DF98CA0-AF88-4180-9561-C8C8F7C8E2CE}"
EndProject
Project("{FAE04EC0-301F-11D3-BF4B-00C04F79EFBC}") = "OrderDiscounts.Tests", "Completed\05-OrderDiscounts\OrderDiscounts.Tests\OrderDiscounts.Tests.csproj", "{B91EEC32-BF3A-495A-8C36-FAE01D4933DC}"
EndProject
Project("{FAE04EC0-301F-11D3-BF4B-00C04F79EFBC}") = "DrivingPatterns.Tests", "Completed\06-DrivingPatterns\DrivingPatterns.Tests\DrivingPatterns.Tests.csproj", "{6E44EF67-D0FC-4ECC-9CD0-3744B75A3489}"
EndProject
Project("{2150E333-8FDC-42A3-9474-1A3956D46DE8}") = "07-RefactoringBankTransfer", "07-RefactoringBankTransfer", "{6C2234A6-F287-4619-81CF-AD9EEB70BF81}"
EndProject
Project("{FAE04EC0-301F-11D3-BF4B-00C04F79EFBC}") = "RefactoringBankTransfer.Tests", "Completed\07-RefactoringBankTransfer\RefactoringBankTransfer.Tests\RefactoringBankTransfer.Tests.csproj", "{F8A6C6FB-5CFC-459E-8A90-654BF3F8B38F}"
EndProject
Project("{2150E333-8FDC-42A3-9474-1A3956D46DE8}") = "08-ClientRiskEvaluator", "08-ClientRiskEvaluator", "{FD9EFD9B-E444-42AA-AF54-350B58F2A7E0}"
EndProject
Project("{FAE04EC0-301F-11D3-BF4B-00C04F79EFBC}") = "ClientRiskEvaluator.Tests", "Completed\08-ClientRiskEvaluator\ClientRiskEvaluator.Tests\ClientRiskEvaluator.Tests.csproj", "{AA06EF9C-8249-4261-9F11-E4B88BE28710}"
EndProject
Project("{FAE04EC0-301F-11D3-BF4B-00C04F79EFBC}") = "ClientRiskEvaluator", "Completed\08-ClientRiskEvaluator\ClientRiskEvaluator\ClientRiskEvaluator.csproj", "{562CAC50-8A14-427D-9814-83D0E9BFCC9D}"
EndProject
Project("{2150E333-8FDC-42A3-9474-1A3956D46DE8}") = "09-RefactoringClientValidator", "09-RefactoringClientValidator", "{FF7A5F63-29ED-4474-81F9-E09C478FB0FE}"
EndProject
Project("{FAE04EC0-301F-11D3-BF4B-00C04F79EFBC}") = "ClientRiskEvaluator.Tests", "Completed\09-RefactoringClientValidator\ClientRiskEvaluator.Tests\ClientRiskEvaluator.Tests.csproj", "{F01B357A-7A04-4B84-A4E0-26392844AEFB}"
EndProject
Project("{FAE04EC0-301F-11D3-BF4B-00C04F79EFBC}") = "ClientRiskEvaluator", "Completed\09-RefactoringClientValidator\ClientRiskEvaluator\ClientRiskEvaluator.csproj", "{C1BE4EAE-30F4-4E3F-8349-73BA5DB683EC}"
EndProject
Project("{2150E333-8FDC-42A3-9474-1A3956D46DE8}") = "10-FixBugOnClientRiskEvaluator", "10-FixBugOnClientRiskEvaluator", "{27E8B03A-113D-4001-B126-81017257D813}"
EndProject
Project("{FAE04EC0-301F-11D3-BF4B-00C04F79EFBC}") = "ClientRiskEvaluator.Tests", "Completed\10-FixBugOnClientRiskEvaluator\ClientRiskEvaluator.Tests\ClientRiskEvaluator.Tests.csproj", "{12CC9758-E232-49DE-9171-E79342E42074}"
EndProject
Project("{FAE04EC0-301F-11D3-BF4B-00C04F79EFBC}") = "ClientRiskEvaluator", "Completed\10-FixBugOnClientRiskEvaluator\ClientRiskEvaluator\ClientRiskEvaluator.csproj", "{CE76D03C-B330-4F2F-8AD3-2238ED13F4D7}"
EndProject
Project("{2150E333-8FDC-42A3-9474-1A3956D46DE8}") = "11-MutationTesting", "11-MutationTesting", "{9AA5F3E1-49B2-433A-B582-A1C024D737FB}"
EndProject
Project("{FAE04EC0-301F-11D3-BF4B-00C04F79EFBC}") = "MutationBankTransfer.Tests", "Completed\11-MutationTesting\MutationBankTransfer.Tests\MutationBankTransfer.Tests.csproj", "{54310FCC-C506-4EFE-A009-42147E4EE10F}"
EndProject
Project("{FAE04EC0-301F-11D3-BF4B-00C04F79EFBC}") = "MutationBankTransfer", "Completed\11-MutationTesting\MutationBankTransfer\MutationBankTransfer.csproj", "{A1E430AE-A2D3-482A-B702-377ED0C48269}"
EndProject
Project("{2150E333-8FDC-42A3-9474-1A3956D46DE8}") = "14-ClientsManager", "14-ClientsManager", "{3C5B7506-DD4C-4ECF-8336-DDBD71E27077}"
EndProject
Project("{FAE04EC0-301F-11D3-BF4B-00C04F79EFBC}") = "ClientsManager", "Completed\14-ClientsManager\ClientsManager\ClientsManager.csproj", "{DA97B141-DFC9-4FD3-BBC3-A1348C709C09}"
EndProject
Project("{FAE04EC0-301F-11D3-BF4B-00C04F79EFBC}") = "ClientsManager.Tests", "Completed\14-ClientsManager\ClientsManager.Tests\ClientsManager.Tests.csproj", "{DC2E6D67-C150-466D-858B-55CD4BB6C51E}"
EndProject
Project("{2150E333-8FDC-42A3-9474-1A3956D46DE8}") = "15-TestDoublesClientRiskEvaluator", "15-TestDoublesClientRiskEvaluator", "{ED40E5C8-0B87-48AD-B549-60A0457DFB48}"
EndProject
Project("{FAE04EC0-301F-11D3-BF4B-00C04F79EFBC}") = "ClientRiskEvaluator.Tests", "Completed\15-TestDoublesClientRiskEvaluator\ClientRiskEvaluator.Tests\ClientRiskEvaluator.Tests.csproj", "{64AD19E5-A2F4-4EAB-8434-EFE6C7329980}"
EndProject
Project("{FAE04EC0-301F-11D3-BF4B-00C04F79EFBC}") = "ClientRiskEvaluator", "Completed\15-TestDoublesClientRiskEvaluator\ClientRiskEvaluator\ClientRiskEvaluator.csproj", "{AF798683-E606-490D-816B-C457C392036C}"
EndProject
Project("{FAE04EC0-301F-11D3-BF4B-00C04F79EFBC}") = "ClientRiskEvaluator.Api.Tests", "Completed\16-ClientRiskEvaluationApi\ClientRiskEvaluator.Api.Tests\ClientRiskEvaluator.Api.Tests.csproj", "{B039DAF4-D611-42DE-989C-67C0A8BDDB82}"
EndProject
Project("{2150E333-8FDC-42A3-9474-1A3956D46DE8}") = "16-ClientRiskEvaluationApi", "16-ClientRiskEvaluationApi", "{CB5B8124-D6EF-4C44-BE26-5DDF56F308DA}"
EndProject
Project("{FAE04EC0-301F-11D3-BF4B-00C04F79EFBC}") = "ClientRiskEvaluator.Tests", "Completed\16-ClientRiskEvaluationApi\ClientRiskEvaluator.Tests\ClientRiskEvaluator.Tests.csproj", "{6E8050D4-358C-4657-9753-A6929A2D32C8}"
EndProject
Project("{FAE04EC0-301F-11D3-BF4B-00C04F79EFBC}") = "ClientRiskEvaluator", "Completed\16-ClientRiskEvaluationApi\ClientRiskEvaluator\ClientRiskEvaluator.csproj", "{02371609-B1C9-44C9-AD71-A7EFE3CBF7EC}"
EndProject
Project("{FAE04EC0-301F-11D3-BF4B-00C04F79EFBC}") = "ClientRiskEvaluator.AcceptanceTests", "Completed\16-ClientRiskEvaluationApi\ClientRiskEvaluator.AcceptanceTests\ClientRiskEvaluator.AcceptanceTests.csproj", "{5EB93EB6-55A7-4A03-99B2-FE4DFA821DE5}"
EndProject
Project("{FAE04EC0-301F-11D3-BF4B-00C04F79EFBC}") = "ClientRiskEvaluator.Api", "Completed\16-ClientRiskEvaluationApi\ClientRiskEvaluator.Api\ClientRiskEvaluator.Api.csproj", "{049F1330-E9D1-412B-8810-2864430939B7}"
EndProject
Project("{FAE04EC0-301F-11D3-BF4B-00C04F79EFBC}") = "ClientRiskEvaluator.Infrastructure", "Completed\16-ClientRiskEvaluationApi\ClientRiskEvaluator.Infrastructure\ClientRiskEvaluator.Infrastructure.csproj", "{C8DDAE71-9C0D-4497-B78A-63DA56781ADB}"
EndProject
Project("{2150E333-8FDC-42A3-9474-1A3956D46DE8}") = "src", "src", "{CF5490EA-4EE8-4103-86AA-22D454B3575F}"
EndProject
Project("{2150E333-8FDC-42A3-9474-1A3956D46DE8}") = "tests", "tests", "{A565E42F-5FD6-4019-B03C-EF1A114CD55E}"
EndProject
Project("{2150E333-8FDC-42A3-9474-1A3956D46DE8}") = "17-GetRiskEvaluation", "17-GetRiskEvaluation", "{806047BA-07DB-401F-8829-3FCEEAB7477A}"
EndProject
Project("{FAE04EC0-301F-11D3-BF4B-00C04F79EFBC}") = "ClientRiskEvaluator.Tests", "Completed\17-GetRiskEvaluation\ClientRiskEvaluator.Tests\ClientRiskEvaluator.Tests.csproj", "{9802881F-6470-4A5E-A068-A8D61CE83AED}"
EndProject
Project("{FAE04EC0-301F-11D3-BF4B-00C04F79EFBC}") = "ClientRiskEvaluator.Infrastructure", "Completed\17-GetRiskEvaluation\ClientRiskEvaluator.Infrastructure\ClientRiskEvaluator.Infrastructure.csproj", "{621265FD-FAC8-4037-B0C9-84BC85BEF6F7}"
EndProject
Project("{FAE04EC0-301F-11D3-BF4B-00C04F79EFBC}") = "ClientRiskEvaluator.Api.Tests", "Completed\17-GetRiskEvaluation\ClientRiskEvaluator.Api.Tests\ClientRiskEvaluator.Api.Tests.csproj", "{5B7B7649-97F8-4F3B-B513-E15856B6EE96}"
EndProject
Project("{FAE04EC0-301F-11D3-BF4B-00C04F79EFBC}") = "ClientRiskEvaluator.Api", "Completed\17-GetRiskEvaluation\ClientRiskEvaluator.Api\ClientRiskEvaluator.Api.csproj", "{73306C2A-7A45-49E5-9572-C6B2F2982ABD}"
EndProject
Project("{FAE04EC0-301F-11D3-BF4B-00C04F79EFBC}") = "ClientRiskEvaluator.AcceptanceTests", "Completed\17-GetRiskEvaluation\ClientRiskEvaluator.AcceptanceTests\ClientRiskEvaluator.AcceptanceTests.csproj", "{EFF312AC-95C7-4F71-AB5B-967EE51F1495}"
EndProject
Project("{FAE04EC0-301F-11D3-BF4B-00C04F79EFBC}") = "ClientRiskEvaluator", "Completed\17-GetRiskEvaluation\ClientRiskEvaluator\ClientRiskEvaluator.csproj", "{7CE815F1-1392-47B2-A311-F884021D49A0}"
EndProject
Project("{2150E333-8FDC-42A3-9474-1A3956D46DE8}") = "src", "src", "{55E9AB03-8FCA-4212-BF16-A6490AB2BF10}"
EndProject
Project("{2150E333-8FDC-42A3-9474-1A3956D46DE8}") = "tests", "tests", "{164A9E3E-1012-4757-AA07-51B752E62C22}"
EndProject
Project("{2150E333-8FDC-42A3-9474-1A3956D46DE8}") = "18-PassSubscriptionsLegacy", "18-PassSubscriptionsLegacy", "{E48A4BF9-2659-49E4-96CE-7F51E625FF6D}"
EndProject
Project("{FAE04EC0-301F-11D3-BF4B-00C04F79EFBC}") = "ParkSubscriptions.Tests", "Completed\18-PassSubscriptionsLegacy\ParkSubscriptions.Tests\ParkSubscriptions.Tests.csproj", "{1AF4B844-6449-4ABD-AC17-5DB7AA88B6D6}"
EndProject
Project("{FAE04EC0-301F-11D3-BF4B-00C04F79EFBC}") = "ParkSubscriptions.ApprovalTests", "Completed\18-PassSubscriptionsLegacy\ParkSubscriptions.ApprovalTests\ParkSubscriptions.ApprovalTests.csproj", "{AE1122F0-3631-4795-916F-9A7E6AB36319}"
EndProject
Project("{FAE04EC0-301F-11D3-BF4B-00C04F79EFBC}") = "ParkSubscriptions", "Completed\18-PassSubscriptionsLegacy\ParkSubscriptions\ParkSubscriptions.csproj", "{084CC703-0C3A-4468-8987-534F0F56988F}"
EndProject
Project("{FAE04EC0-301F-11D3-BF4B-00C04F79EFBC}") = "ConsoleApp", "Completed\18-PassSubscriptionsLegacy\ConsoleApp\ConsoleApp.csproj", "{ACA62D08-B466-4325-98AF-07D777FE5739}"
EndProject
Project("{2150E333-8FDC-42A3-9474-1A3956D46DE8}") = "19-ClientManagerLegacy", "19-ClientManagerLegacy", "{4763BED6-C32C-42F0-A55F-AB9D5E9B51DD}"
EndProject
Project("{FAE04EC0-301F-11D3-BF4B-00C04F79EFBC}") = "ClientManager", "Completed\19-ClientManagerLegacy\ClientManager\ClientManager.csproj", "{BD007E90-4883-4246-908A-C90A9143AC75}"
EndProject
Project("{FAE04EC0-301F-11D3-BF4B-00C04F79EFBC}") = "ClientManager.ApprovalTests", "Completed\19-ClientManagerLegacy\ClientManager.ApprovalTests\ClientManager.ApprovalTests.csproj", "{C90DF77F-626D-4C75-8C94-EC0B77752666}"
EndProject
Project("{FAE04EC0-301F-11D3-BF4B-00C04F79EFBC}") = "ClientManager.Tests", "Completed\19-ClientManagerLegacy\ClientManager.Tests\ClientManager.Tests.csproj", "{5D2F8FC1-8C3C-4F9F-8C61-6E6F09AE8E95}"
EndProject
Global
	GlobalSection(SolutionConfigurationPlatforms) = preSolution
		Debug|Any CPU = Debug|Any CPU
		Release|Any CPU = Release|Any CPU
	EndGlobalSection
	GlobalSection(NestedProjects) = preSolution
		{11185838-DA72-4BDE-BE2D-2C5AFF6DE89B} = {E1A2DF73-86C4-4F1F-9C9C-F7F5D0F80B22}
		{8B12CC9E-4563-425E-960E-BC7EE72E47E3} = {E1A2DF73-86C4-4F1F-9C9C-F7F5D0F80B22}
		{958EF100-FCD2-4ABC-8C06-72AA796574A5} = {BE196B36-5856-4879-8437-B2802D3CAEF2}
		{7DF98CA0-AF88-4180-9561-C8C8F7C8E2CE} = {30457208-9FEF-45DE-BCB4-F1B746EEFA0E}
		{B91EEC32-BF3A-495A-8C36-FAE01D4933DC} = {44965523-39B5-4A24-88FA-F366AFA9EC5A}
		{6E44EF67-D0FC-4ECC-9CD0-3744B75A3489} = {7E4A42F2-1A9E-4CA2-A7CD-2CBDB434B412}
		{F8A6C6FB-5CFC-459E-8A90-654BF3F8B38F} = {6C2234A6-F287-4619-81CF-AD9EEB70BF81}
		{AA06EF9C-8249-4261-9F11-E4B88BE28710} = {FD9EFD9B-E444-42AA-AF54-350B58F2A7E0}
		{562CAC50-8A14-427D-9814-83D0E9BFCC9D} = {FD9EFD9B-E444-42AA-AF54-350B58F2A7E0}
		{F01B357A-7A04-4B84-A4E0-26392844AEFB} = {FF7A5F63-29ED-4474-81F9-E09C478FB0FE}
		{C1BE4EAE-30F4-4E3F-8349-73BA5DB683EC} = {FF7A5F63-29ED-4474-81F9-E09C478FB0FE}
		{12CC9758-E232-49DE-9171-E79342E42074} = {27E8B03A-113D-4001-B126-81017257D813}
		{CE76D03C-B330-4F2F-8AD3-2238ED13F4D7} = {27E8B03A-113D-4001-B126-81017257D813}
		{54310FCC-C506-4EFE-A009-42147E4EE10F} = {9AA5F3E1-49B2-433A-B582-A1C024D737FB}
		{A1E430AE-A2D3-482A-B702-377ED0C48269} = {9AA5F3E1-49B2-433A-B582-A1C024D737FB}
		{DA97B141-DFC9-4FD3-BBC3-A1348C709C09} = {3C5B7506-DD4C-4ECF-8336-DDBD71E27077}
		{DC2E6D67-C150-466D-858B-55CD4BB6C51E} = {3C5B7506-DD4C-4ECF-8336-DDBD71E27077}
		{64AD19E5-A2F4-4EAB-8434-EFE6C7329980} = {ED40E5C8-0B87-48AD-B549-60A0457DFB48}
		{AF798683-E606-490D-816B-C457C392036C} = {ED40E5C8-0B87-48AD-B549-60A0457DFB48}
		{CF5490EA-4EE8-4103-86AA-22D454B3575F} = {CB5B8124-D6EF-4C44-BE26-5DDF56F308DA}
		{A565E42F-5FD6-4019-B03C-EF1A114CD55E} = {CB5B8124-D6EF-4C44-BE26-5DDF56F308DA}
		{5EB93EB6-55A7-4A03-99B2-FE4DFA821DE5} = {A565E42F-5FD6-4019-B03C-EF1A114CD55E}
		{B039DAF4-D611-42DE-989C-67C0A8BDDB82} = {A565E42F-5FD6-4019-B03C-EF1A114CD55E}
		{6E8050D4-358C-4657-9753-A6929A2D32C8} = {A565E42F-5FD6-4019-B03C-EF1A114CD55E}
		{02371609-B1C9-44C9-AD71-A7EFE3CBF7EC} = {CF5490EA-4EE8-4103-86AA-22D454B3575F}
		{049F1330-E9D1-412B-8810-2864430939B7} = {CF5490EA-4EE8-4103-86AA-22D454B3575F}
		{C8DDAE71-9C0D-4497-B78A-63DA56781ADB} = {CF5490EA-4EE8-4103-86AA-22D454B3575F}
		{55E9AB03-8FCA-4212-BF16-A6490AB2BF10} = {806047BA-07DB-401F-8829-3FCEEAB7477A}
		{164A9E3E-1012-4757-AA07-51B752E62C22} = {806047BA-07DB-401F-8829-3FCEEAB7477A}
		{7CE815F1-1392-47B2-A311-F884021D49A0} = {55E9AB03-8FCA-4212-BF16-A6490AB2BF10}
		{73306C2A-7A45-49E5-9572-C6B2F2982ABD} = {55E9AB03-8FCA-4212-BF16-A6490AB2BF10}
		{621265FD-FAC8-4037-B0C9-84BC85BEF6F7} = {55E9AB03-8FCA-4212-BF16-A6490AB2BF10}
		{EFF312AC-95C7-4F71-AB5B-967EE51F1495} = {164A9E3E-1012-4757-AA07-51B752E62C22}
		{5B7B7649-97F8-4F3B-B513-E15856B6EE96} = {164A9E3E-1012-4757-AA07-51B752E62C22}
		{9802881F-6470-4A5E-A068-A8D61CE83AED} = {164A9E3E-1012-4757-AA07-51B752E62C22}
		{1AF4B844-6449-4ABD-AC17-5DB7AA88B6D6} = {E48A4BF9-2659-49E4-96CE-7F51E625FF6D}
		{AE1122F0-3631-4795-916F-9A7E6AB36319} = {E48A4BF9-2659-49E4-96CE-7F51E625FF6D}
		{084CC703-0C3A-4468-8987-534F0F56988F} = {E48A4BF9-2659-49E4-96CE-7F51E625FF6D}
		{ACA62D08-B466-4325-98AF-07D777FE5739} = {E48A4BF9-2659-49E4-96CE-7F51E625FF6D}
		{BD007E90-4883-4246-908A-C90A9143AC75} = {4763BED6-C32C-42F0-A55F-AB9D5E9B51DD}
		{C90DF77F-626D-4C75-8C94-EC0B77752666} = {4763BED6-C32C-42F0-A55F-AB9D5E9B51DD}
		{5D2F8FC1-8C3C-4F9F-8C61-6E6F09AE8E95} = {4763BED6-C32C-42F0-A55F-AB9D5E9B51DD}
	EndGlobalSection
	GlobalSection(ProjectConfigurationPlatforms) = postSolution
		{11185838-DA72-4BDE-BE2D-2C5AFF6DE89B}.Debug|Any CPU.ActiveCfg = Debug|Any CPU
		{11185838-DA72-4BDE-BE2D-2C5AFF6DE89B}.Debug|Any CPU.Build.0 = Debug|Any CPU
		{11185838-DA72-4BDE-BE2D-2C5AFF6DE89B}.Release|Any CPU.ActiveCfg = Release|Any CPU
		{11185838-DA72-4BDE-BE2D-2C5AFF6DE89B}.Release|Any CPU.Build.0 = Release|Any CPU
		{8B12CC9E-4563-425E-960E-BC7EE72E47E3}.Debug|Any CPU.ActiveCfg = Debug|Any CPU
		{8B12CC9E-4563-425E-960E-BC7EE72E47E3}.Debug|Any CPU.Build.0 = Debug|Any CPU
		{8B12CC9E-4563-425E-960E-BC7EE72E47E3}.Release|Any CPU.ActiveCfg = Release|Any CPU
		{8B12CC9E-4563-425E-960E-BC7EE72E47E3}.Release|Any CPU.Build.0 = Release|Any CPU
		{958EF100-FCD2-4ABC-8C06-72AA796574A5}.Debug|Any CPU.ActiveCfg = Debug|Any CPU
		{958EF100-FCD2-4ABC-8C06-72AA796574A5}.Debug|Any CPU.Build.0 = Debug|Any CPU
		{958EF100-FCD2-4ABC-8C06-72AA796574A5}.Release|Any CPU.ActiveCfg = Release|Any CPU
		{958EF100-FCD2-4ABC-8C06-72AA796574A5}.Release|Any CPU.Build.0 = Release|Any CPU
		{7DF98CA0-AF88-4180-9561-C8C8F7C8E2CE}.Debug|Any CPU.ActiveCfg = Debug|Any CPU
		{7DF98CA0-AF88-4180-9561-C8C8F7C8E2CE}.Debug|Any CPU.Build.0 = Debug|Any CPU
		{7DF98CA0-AF88-4180-9561-C8C8F7C8E2CE}.Release|Any CPU.ActiveCfg = Release|Any CPU
		{7DF98CA0-AF88-4180-9561-C8C8F7C8E2CE}.Release|Any CPU.Build.0 = Release|Any CPU
		{B91EEC32-BF3A-495A-8C36-FAE01D4933DC}.Debug|Any CPU.ActiveCfg = Debug|Any CPU
		{B91EEC32-BF3A-495A-8C36-FAE01D4933DC}.Debug|Any CPU.Build.0 = Debug|Any CPU
		{B91EEC32-BF3A-495A-8C36-FAE01D4933DC}.Release|Any CPU.ActiveCfg = Release|Any CPU
		{B91EEC32-BF3A-495A-8C36-FAE01D4933DC}.Release|Any CPU.Build.0 = Release|Any CPU
		{6E44EF67-D0FC-4ECC-9CD0-3744B75A3489}.Debug|Any CPU.ActiveCfg = Debug|Any CPU
		{6E44EF67-D0FC-4ECC-9CD0-3744B75A3489}.Debug|Any CPU.Build.0 = Debug|Any CPU
		{6E44EF67-D0FC-4ECC-9CD0-3744B75A3489}.Release|Any CPU.ActiveCfg = Release|Any CPU
		{6E44EF67-D0FC-4ECC-9CD0-3744B75A3489}.Release|Any CPU.Build.0 = Release|Any CPU
		{F8A6C6FB-5CFC-459E-8A90-654BF3F8B38F}.Debug|Any CPU.ActiveCfg = Debug|Any CPU
		{F8A6C6FB-5CFC-459E-8A90-654BF3F8B38F}.Debug|Any CPU.Build.0 = Debug|Any CPU
		{F8A6C6FB-5CFC-459E-8A90-654BF3F8B38F}.Release|Any CPU.ActiveCfg = Release|Any CPU
		{F8A6C6FB-5CFC-459E-8A90-654BF3F8B38F}.Release|Any CPU.Build.0 = Release|Any CPU
		{AA06EF9C-8249-4261-9F11-E4B88BE28710}.Debug|Any CPU.ActiveCfg = Debug|Any CPU
		{AA06EF9C-8249-4261-9F11-E4B88BE28710}.Debug|Any CPU.Build.0 = Debug|Any CPU
		{AA06EF9C-8249-4261-9F11-E4B88BE28710}.Release|Any CPU.ActiveCfg = Release|Any CPU
		{AA06EF9C-8249-4261-9F11-E4B88BE28710}.Release|Any CPU.Build.0 = Release|Any CPU
		{562CAC50-8A14-427D-9814-83D0E9BFCC9D}.Debug|Any CPU.ActiveCfg = Debug|Any CPU
		{562CAC50-8A14-427D-9814-83D0E9BFCC9D}.Debug|Any CPU.Build.0 = Debug|Any CPU
		{562CAC50-8A14-427D-9814-83D0E9BFCC9D}.Release|Any CPU.ActiveCfg = Release|Any CPU
		{562CAC50-8A14-427D-9814-83D0E9BFCC9D}.Release|Any CPU.Build.0 = Release|Any CPU
		{F01B357A-7A04-4B84-A4E0-26392844AEFB}.Debug|Any CPU.ActiveCfg = Debug|Any CPU
		{F01B357A-7A04-4B84-A4E0-26392844AEFB}.Debug|Any CPU.Build.0 = Debug|Any CPU
		{F01B357A-7A04-4B84-A4E0-26392844AEFB}.Release|Any CPU.ActiveCfg = Release|Any CPU
		{F01B357A-7A04-4B84-A4E0-26392844AEFB}.Release|Any CPU.Build.0 = Release|Any CPU
		{C1BE4EAE-30F4-4E3F-8349-73BA5DB683EC}.Debug|Any CPU.ActiveCfg = Debug|Any CPU
		{C1BE4EAE-30F4-4E3F-8349-73BA5DB683EC}.Debug|Any CPU.Build.0 = Debug|Any CPU
		{C1BE4EAE-30F4-4E3F-8349-73BA5DB683EC}.Release|Any CPU.ActiveCfg = Release|Any CPU
		{C1BE4EAE-30F4-4E3F-8349-73BA5DB683EC}.Release|Any CPU.Build.0 = Release|Any CPU
		{12CC9758-E232-49DE-9171-E79342E42074}.Debug|Any CPU.ActiveCfg = Debug|Any CPU
		{12CC9758-E232-49DE-9171-E79342E42074}.Debug|Any CPU.Build.0 = Debug|Any CPU
		{12CC9758-E232-49DE-9171-E79342E42074}.Release|Any CPU.ActiveCfg = Release|Any CPU
		{12CC9758-E232-49DE-9171-E79342E42074}.Release|Any CPU.Build.0 = Release|Any CPU
		{CE76D03C-B330-4F2F-8AD3-2238ED13F4D7}.Debug|Any CPU.ActiveCfg = Debug|Any CPU
		{CE76D03C-B330-4F2F-8AD3-2238ED13F4D7}.Debug|Any CPU.Build.0 = Debug|Any CPU
		{CE76D03C-B330-4F2F-8AD3-2238ED13F4D7}.Release|Any CPU.ActiveCfg = Release|Any CPU
		{CE76D03C-B330-4F2F-8AD3-2238ED13F4D7}.Release|Any CPU.Build.0 = Release|Any CPU
		{54310FCC-C506-4EFE-A009-42147E4EE10F}.Debug|Any CPU.ActiveCfg = Debug|Any CPU
		{54310FCC-C506-4EFE-A009-42147E4EE10F}.Debug|Any CPU.Build.0 = Debug|Any CPU
		{54310FCC-C506-4EFE-A009-42147E4EE10F}.Release|Any CPU.ActiveCfg = Release|Any CPU
		{54310FCC-C506-4EFE-A009-42147E4EE10F}.Release|Any CPU.Build.0 = Release|Any CPU
		{A1E430AE-A2D3-482A-B702-377ED0C48269}.Debug|Any CPU.ActiveCfg = Debug|Any CPU
		{A1E430AE-A2D3-482A-B702-377ED0C48269}.Debug|Any CPU.Build.0 = Debug|Any CPU
		{A1E430AE-A2D3-482A-B702-377ED0C48269}.Release|Any CPU.ActiveCfg = Release|Any CPU
		{A1E430AE-A2D3-482A-B702-377ED0C48269}.Release|Any CPU.Build.0 = Release|Any CPU
		{DA97B141-DFC9-4FD3-BBC3-A1348C709C09}.Debug|Any CPU.ActiveCfg = Debug|Any CPU
		{DA97B141-DFC9-4FD3-BBC3-A1348C709C09}.Debug|Any CPU.Build.0 = Debug|Any CPU
		{DA97B141-DFC9-4FD3-BBC3-A1348C709C09}.Release|Any CPU.ActiveCfg = Release|Any CPU
		{DA97B141-DFC9-4FD3-BBC3-A1348C709C09}.Release|Any CPU.Build.0 = Release|Any CPU
		{DC2E6D67-C150-466D-858B-55CD4BB6C51E}.Debug|Any CPU.ActiveCfg = Debug|Any CPU
		{DC2E6D67-C150-466D-858B-55CD4BB6C51E}.Debug|Any CPU.Build.0 = Debug|Any CPU
		{DC2E6D67-C150-466D-858B-55CD4BB6C51E}.Release|Any CPU.ActiveCfg = Release|Any CPU
		{DC2E6D67-C150-466D-858B-55CD4BB6C51E}.Release|Any CPU.Build.0 = Release|Any CPU
		{64AD19E5-A2F4-4EAB-8434-EFE6C7329980}.Debug|Any CPU.ActiveCfg = Debug|Any CPU
		{64AD19E5-A2F4-4EAB-8434-EFE6C7329980}.Debug|Any CPU.Build.0 = Debug|Any CPU
		{64AD19E5-A2F4-4EAB-8434-EFE6C7329980}.Release|Any CPU.ActiveCfg = Release|Any CPU
		{64AD19E5-A2F4-4EAB-8434-EFE6C7329980}.Release|Any CPU.Build.0 = Release|Any CPU
		{AF798683-E606-490D-816B-C457C392036C}.Debug|Any CPU.ActiveCfg = Debug|Any CPU
		{AF798683-E606-490D-816B-C457C392036C}.Debug|Any CPU.Build.0 = Debug|Any CPU
		{AF798683-E606-490D-816B-C457C392036C}.Release|Any CPU.ActiveCfg = Release|Any CPU
		{AF798683-E606-490D-816B-C457C392036C}.Release|Any CPU.Build.0 = Release|Any CPU
		{B039DAF4-D611-42DE-989C-67C0A8BDDB82}.Debug|Any CPU.ActiveCfg = Debug|Any CPU
		{B039DAF4-D611-42DE-989C-67C0A8BDDB82}.Debug|Any CPU.Build.0 = Debug|Any CPU
		{B039DAF4-D611-42DE-989C-67C0A8BDDB82}.Release|Any CPU.ActiveCfg = Release|Any CPU
		{B039DAF4-D611-42DE-989C-67C0A8BDDB82}.Release|Any CPU.Build.0 = Release|Any CPU
		{6E8050D4-358C-4657-9753-A6929A2D32C8}.Debug|Any CPU.ActiveCfg = Debug|Any CPU
		{6E8050D4-358C-4657-9753-A6929A2D32C8}.Debug|Any CPU.Build.0 = Debug|Any CPU
		{6E8050D4-358C-4657-9753-A6929A2D32C8}.Release|Any CPU.ActiveCfg = Release|Any CPU
		{6E8050D4-358C-4657-9753-A6929A2D32C8}.Release|Any CPU.Build.0 = Release|Any CPU
		{02371609-B1C9-44C9-AD71-A7EFE3CBF7EC}.Debug|Any CPU.ActiveCfg = Debug|Any CPU
		{02371609-B1C9-44C9-AD71-A7EFE3CBF7EC}.Debug|Any CPU.Build.0 = Debug|Any CPU
		{02371609-B1C9-44C9-AD71-A7EFE3CBF7EC}.Release|Any CPU.ActiveCfg = Release|Any CPU
		{02371609-B1C9-44C9-AD71-A7EFE3CBF7EC}.Release|Any CPU.Build.0 = Release|Any CPU
		{5EB93EB6-55A7-4A03-99B2-FE4DFA821DE5}.Debug|Any CPU.ActiveCfg = Debug|Any CPU
		{5EB93EB6-55A7-4A03-99B2-FE4DFA821DE5}.Debug|Any CPU.Build.0 = Debug|Any CPU
		{5EB93EB6-55A7-4A03-99B2-FE4DFA821DE5}.Release|Any CPU.ActiveCfg = Release|Any CPU
		{5EB93EB6-55A7-4A03-99B2-FE4DFA821DE5}.Release|Any CPU.Build.0 = Release|Any CPU
		{049F1330-E9D1-412B-8810-2864430939B7}.Debug|Any CPU.ActiveCfg = Debug|Any CPU
		{049F1330-E9D1-412B-8810-2864430939B7}.Debug|Any CPU.Build.0 = Debug|Any CPU
		{049F1330-E9D1-412B-8810-2864430939B7}.Release|Any CPU.ActiveCfg = Release|Any CPU
		{049F1330-E9D1-412B-8810-2864430939B7}.Release|Any CPU.Build.0 = Release|Any CPU
		{C8DDAE71-9C0D-4497-B78A-63DA56781ADB}.Debug|Any CPU.ActiveCfg = Debug|Any CPU
		{C8DDAE71-9C0D-4497-B78A-63DA56781ADB}.Debug|Any CPU.Build.0 = Debug|Any CPU
		{C8DDAE71-9C0D-4497-B78A-63DA56781ADB}.Release|Any CPU.ActiveCfg = Release|Any CPU
		{C8DDAE71-9C0D-4497-B78A-63DA56781ADB}.Release|Any CPU.Build.0 = Release|Any CPU
		{9802881F-6470-4A5E-A068-A8D61CE83AED}.Debug|Any CPU.ActiveCfg = Debug|Any CPU
		{9802881F-6470-4A5E-A068-A8D61CE83AED}.Debug|Any CPU.Build.0 = Debug|Any CPU
		{9802881F-6470-4A5E-A068-A8D61CE83AED}.Release|Any CPU.ActiveCfg = Release|Any CPU
		{9802881F-6470-4A5E-A068-A8D61CE83AED}.Release|Any CPU.Build.0 = Release|Any CPU
		{621265FD-FAC8-4037-B0C9-84BC85BEF6F7}.Debug|Any CPU.ActiveCfg = Debug|Any CPU
		{621265FD-FAC8-4037-B0C9-84BC85BEF6F7}.Debug|Any CPU.Build.0 = Debug|Any CPU
		{621265FD-FAC8-4037-B0C9-84BC85BEF6F7}.Release|Any CPU.ActiveCfg = Release|Any CPU
		{621265FD-FAC8-4037-B0C9-84BC85BEF6F7}.Release|Any CPU.Build.0 = Release|Any CPU
		{5B7B7649-97F8-4F3B-B513-E15856B6EE96}.Debug|Any CPU.ActiveCfg = Debug|Any CPU
		{5B7B7649-97F8-4F3B-B513-E15856B6EE96}.Debug|Any CPU.Build.0 = Debug|Any CPU
		{5B7B7649-97F8-4F3B-B513-E15856B6EE96}.Release|Any CPU.ActiveCfg = Release|Any CPU
		{5B7B7649-97F8-4F3B-B513-E15856B6EE96}.Release|Any CPU.Build.0 = Release|Any CPU
		{73306C2A-7A45-49E5-9572-C6B2F2982ABD}.Debug|Any CPU.ActiveCfg = Debug|Any CPU
		{73306C2A-7A45-49E5-9572-C6B2F2982ABD}.Debug|Any CPU.Build.0 = Debug|Any CPU
		{73306C2A-7A45-49E5-9572-C6B2F2982ABD}.Release|Any CPU.ActiveCfg = Release|Any CPU
		{73306C2A-7A45-49E5-9572-C6B2F2982ABD}.Release|Any CPU.Build.0 = Release|Any CPU
		{EFF312AC-95C7-4F71-AB5B-967EE51F1495}.Debug|Any CPU.ActiveCfg = Debug|Any CPU
		{EFF312AC-95C7-4F71-AB5B-967EE51F1495}.Debug|Any CPU.Build.0 = Debug|Any CPU
		{EFF312AC-95C7-4F71-AB5B-967EE51F1495}.Release|Any CPU.ActiveCfg = Release|Any CPU
		{EFF312AC-95C7-4F71-AB5B-967EE51F1495}.Release|Any CPU.Build.0 = Release|Any CPU
		{7CE815F1-1392-47B2-A311-F884021D49A0}.Debug|Any CPU.ActiveCfg = Debug|Any CPU
		{7CE815F1-1392-47B2-A311-F884021D49A0}.Debug|Any CPU.Build.0 = Debug|Any CPU
		{7CE815F1-1392-47B2-A311-F884021D49A0}.Release|Any CPU.ActiveCfg = Release|Any CPU
		{7CE815F1-1392-47B2-A311-F884021D49A0}.Release|Any CPU.Build.0 = Release|Any CPU
		{1AF4B844-6449-4ABD-AC17-5DB7AA88B6D6}.Debug|Any CPU.ActiveCfg = Debug|Any CPU
		{1AF4B844-6449-4ABD-AC17-5DB7AA88B6D6}.Debug|Any CPU.Build.0 = Debug|Any CPU
		{1AF4B844-6449-4ABD-AC17-5DB7AA88B6D6}.Release|Any CPU.ActiveCfg = Release|Any CPU
		{1AF4B844-6449-4ABD-AC17-5DB7AA88B6D6}.Release|Any CPU.Build.0 = Release|Any CPU
		{AE1122F0-3631-4795-916F-9A7E6AB36319}.Debug|Any CPU.ActiveCfg = Debug|Any CPU
		{AE1122F0-3631-4795-916F-9A7E6AB36319}.Debug|Any CPU.Build.0 = Debug|Any CPU
		{AE1122F0-3631-4795-916F-9A7E6AB36319}.Release|Any CPU.ActiveCfg = Release|Any CPU
		{AE1122F0-3631-4795-916F-9A7E6AB36319}.Release|Any CPU.Build.0 = Release|Any CPU
		{084CC703-0C3A-4468-8987-534F0F56988F}.Debug|Any CPU.ActiveCfg = Debug|Any CPU
		{084CC703-0C3A-4468-8987-534F0F56988F}.Debug|Any CPU.Build.0 = Debug|Any CPU
		{084CC703-0C3A-4468-8987-534F0F56988F}.Release|Any CPU.ActiveCfg = Release|Any CPU
		{084CC703-0C3A-4468-8987-534F0F56988F}.Release|Any CPU.Build.0 = Release|Any CPU
		{ACA62D08-B466-4325-98AF-07D777FE5739}.Debug|Any CPU.ActiveCfg = Debug|Any CPU
		{ACA62D08-B466-4325-98AF-07D777FE5739}.Debug|Any CPU.Build.0 = Debug|Any CPU
		{ACA62D08-B466-4325-98AF-07D777FE5739}.Release|Any CPU.ActiveCfg = Release|Any CPU
		{ACA62D08-B466-4325-98AF-07D777FE5739}.Release|Any CPU.Build.0 = Release|Any CPU
		{BD007E90-4883-4246-908A-C90A9143AC75}.Debug|Any CPU.ActiveCfg = Debug|Any CPU
		{BD007E90-4883-4246-908A-C90A9143AC75}.Debug|Any CPU.Build.0 = Debug|Any CPU
		{BD007E90-4883-4246-908A-C90A9143AC75}.Release|Any CPU.ActiveCfg = Release|Any CPU
		{BD007E90-4883-4246-908A-C90A9143AC75}.Release|Any CPU.Build.0 = Release|Any CPU
		{C90DF77F-626D-4C75-8C94-EC0B77752666}.Debug|Any CPU.ActiveCfg = Debug|Any CPU
		{C90DF77F-626D-4C75-8C94-EC0B77752666}.Debug|Any CPU.Build.0 = Debug|Any CPU
		{C90DF77F-626D-4C75-8C94-EC0B77752666}.Release|Any CPU.ActiveCfg = Release|Any CPU
		{C90DF77F-626D-4C75-8C94-EC0B77752666}.Release|Any CPU.Build.0 = Release|Any CPU
		{5D2F8FC1-8C3C-4F9F-8C61-6E6F09AE8E95}.Debug|Any CPU.ActiveCfg = Debug|Any CPU
		{5D2F8FC1-8C3C-4F9F-8C61-6E6F09AE8E95}.Debug|Any CPU.Build.0 = Debug|Any CPU
		{5D2F8FC1-8C3C-4F9F-8C61-6E6F09AE8E95}.Release|Any CPU.ActiveCfg = Release|Any CPU
		{5D2F8FC1-8C3C-4F9F-8C61-6E6F09AE8E95}.Release|Any CPU.Build.0 = Release|Any CPU
	EndGlobalSection
EndGlobal
